
Microsoft Visual Studio Solution File, Format Version 12.00
# Visual Studio 15
VisualStudioVersion = 15.0.27004.2002
MinimumVisualStudioVersion = 10.0.40219.1
Project("{FAE04EC0-301F-11D3-BF4B-00C04F79EFBC}") = "RentalCar.Service", "RentalCar.Service\RentalCar.Service.csproj", "{17EBA063-80CA-436B-8D87-DF4D7C273720}"
EndProject
Global
	GlobalSection(SolutionConfigurationPlatforms) = preSolution
		Debug|Any CPU = Debug|Any CPU
		Release|Any CPU = Release|Any CPU
	EndGlobalSection
	GlobalSection(ProjectConfigurationPlatforms) = postSolution
		{17EBA063-80CA-436B-8D87-DF4D7C273720}.Debug|Any CPU.ActiveCfg = Debug|Any CPU
		{17EBA063-80CA-436B-8D87-DF4D7C273720}.Debug|Any CPU.Build.0 = Debug|Any CPU
		{17EBA063-80CA-436B-8D87-DF4D7C273720}.Release|Any CPU.ActiveCfg = Release|Any CPU
		{17EBA063-80CA-436B-8D87-DF4D7C273720}.Release|Any CPU.Build.0 = Release|Any CPU
	EndGlobalSection
	GlobalSection(SolutionProperties) = preSolution
		HideSolutionNode = FALSE
	EndGlobalSection
	GlobalSection(ExtensibilityGlobals) = postSolution
		SolutionGuid = {55F4D2CE-9BBC-4B20-9D3B-2EFAB2AC368C}
	EndGlobalSection
EndGlobal
